
Microsoft Visual Studio Solution File, Format Version 12.00
# Visual Studio Version 17
VisualStudioVersion = 17.14.36915.13
MinimumVisualStudioVersion = 10.0.40219.1
Project("{FAE04EC0-301F-11D3-BF4B-00C04F79EFBC}") = "RandevuAPI", "RandevuAPI\RandevuAPI.csproj", "{964D0980-C2C6-49CE-88BF-383FABC7F2E6}"
EndProject
Project("{FAE04EC0-301F-11D3-BF4B-00C04F79EFBC}") = "MedUnit.Domain", "MedUnit.Domain\MedUnit.Domain.csproj", "{B88D975A-83E9-4714-816E-FC5250D63406}"
EndProject
Project("{FAE04EC0-301F-11D3-BF4B-00C04F79EFBC}") = "MedUnit.Application", "MedUnit.Application\MedUnit.Application.csproj", "{4A3358E9-C124-4BDC-B2AD-2FAA4D6B3396}"
EndProject
Project("{FAE04EC0-301F-11D3-BF4B-00C04F79EFBC}") = "MedUnit.Infrastructure", "MedUnit.Infrastructure\MedUnit.Infrastructure.csproj", "{1C75C98C-65C4-43C1-8026-D9DED4816DC1}"
EndProject
Global
	GlobalSection(SolutionConfigurationPlatforms) = preSolution
		Debug|Any CPU = Debug|Any CPU
		Debug|x64 = Debug|x64
		Debug|x86 = Debug|x86
		Release|Any CPU = Release|Any CPU
		Release|x64 = Release|x64
		Release|x86 = Release|x86
	EndGlobalSection
	GlobalSection(ProjectConfigurationPlatforms) = postSolution
		{964D0980-C2C6-49CE-88BF-383FABC7F2E6}.Debug|Any CPU.ActiveCfg = Debug|Any CPU
		{964D0980-C2C6-49CE-88BF-383FABC7F2E6}.Debug|Any CPU.Build.0 = Debug|Any CPU
		{964D0980-C2C6-49CE-88BF-383FABC7F2E6}.Debug|x64.ActiveCfg = Debug|Any CPU
		{964D0980-C2C6-49CE-88BF-383FABC7F2E6}.Debug|x64.Build.0 = Debug|Any CPU
		{964D0980-C2C6-49CE-88BF-383FABC7F2E6}.Debug|x86.ActiveCfg = Debug|Any CPU
		{964D0980-C2C6-49CE-88BF-383FABC7F2E6}.Debug|x86.Build.0 = Debug|Any CPU
		{964D0980-C2C6-49CE-88BF-383FABC7F2E6}.Release|Any CPU.ActiveCfg = Release|Any CPU
		{964D0980-C2C6-49CE-88BF-383FABC7F2E6}.Release|Any CPU.Build.0 = Release|Any CPU
		{964D0980-C2C6-49CE-88BF-383FABC7F2E6}.Release|x64.ActiveCfg = Release|Any CPU
		{964D0980-C2C6-49CE-88BF-383FABC7F2E6}.Release|x64.Build.0 = Release|Any CPU
		{964D0980-C2C6-49CE-88BF-383FABC7F2E6}.Release|x86.ActiveCfg = Release|Any CPU
		{964D0980-C2C6-49CE-88BF-383FABC7F2E6}.Release|x86.Build.0 = Release|Any CPU
		{B88D975A-83E9-4714-816E-FC5250D63406}.Debug|Any CPU.ActiveCfg = Debug|Any CPU
		{B88D975A-83E9-4714-816E-FC5250D63406}.Debug|Any CPU.Build.0 = Debug|Any CPU
		{B88D975A-83E9-4714-816E-FC5250D63406}.Debug|x64.ActiveCfg = Debug|Any CPU
		{B88D975A-83E9-4714-816E-FC5250D63406}.Debug|x64.Build.0 = Debug|Any CPU
		{B88D975A-83E9-4714-816E-FC5250D63406}.Debug|x86.ActiveCfg = Debug|Any CPU
		{B88D975A-83E9-4714-816E-FC5250D63406}.Debug|x86.Build.0 = Debug|Any CPU
		{B88D975A-83E9-4714-816E-FC5250D63406}.Release|Any CPU.ActiveCfg = Release|Any CPU
		{B88D975A-83E9-4714-816E-FC5250D63406}.Release|Any CPU.Build.0 = Release|Any CPU
		{B88D975A-83E9-4714-816E-FC5250D63406}.Release|x64.ActiveCfg = Release|Any CPU
		{B88D975A-83E9-4714-816E-FC5250D63406}.Release|x64.Build.0 = Release|Any CPU
		{B88D975A-83E9-4714-816E-FC5250D63406}.Release|x86.ActiveCfg = Release|Any CPU
		{B88D975A-83E9-4714-816E-FC5250D63406}.Release|x86.Build.0 = Release|Any CPU
		{4A3358E9-C124-4BDC-B2AD-2FAA4D6B3396}.Debug|Any CPU.ActiveCfg = Debug|Any CPU
		{4A3358E9-C124-4BDC-B2AD-2FAA4D6B3396}.Debug|Any CPU.Build.0 = Debug|Any CPU
		{4A3358E9-C124-4BDC-B2AD-2FAA4D6B3396}.Debug|x64.ActiveCfg = Debug|Any CPU
		{4A3358E9-C124-4BDC-B2AD-2FAA4D6B3396}.Debug|x64.Build.0 = Debug|Any CPU
		{4A3358E9-C124-4BDC-B2AD-2FAA4D6B3396}.Debug|x86.ActiveCfg = Debug|Any CPU
		{4A3358E9-C124-4BDC-B2AD-2FAA4D6B3396}.Debug|x86.Build.0 = Debug|Any CPU
		{4A3358E9-C124-4BDC-B2AD-2FAA4D6B3396}.Release|Any CPU.ActiveCfg = Release|Any CPU
		{4A3358E9-C124-4BDC-B2AD-2FAA4D6B3396}.Release|Any CPU.Build.0 = Release|Any CPU
		{4A3358E9-C124-4BDC-B2AD-2FAA4D6B3396}.Release|x64.ActiveCfg = Release|Any CPU
		{4A3358E9-C124-4BDC-B2AD-2FAA4D6B3396}.Release|x64.Build.0 = Release|Any CPU
		{4A3358E9-C124-4BDC-B2AD-2FAA4D6B3396}.Release|x86.ActiveCfg = Release|Any CPU
		{4A3358E9-C124-4BDC-B2AD-2FAA4D6B3396}.Release|x86.Build.0 = Release|Any CPU
		{1C75C98C-65C4-43C1-8026-D9DED4816DC1}.Debug|Any CPU.ActiveCfg = Debug|Any CPU
		{1C75C98C-65C4-43C1-8026-D9DED4816DC1}.Debug|Any CPU.Build.0 = Debug|Any CPU
		{1C75C98C-65C4-43C1-8026-D9DED4816DC1}.Debug|x64.ActiveCfg = Debug|Any CPU
		{1C75C98C-65C4-43C1-8026-D9DED4816DC1}.Debug|x64.Build.0 = Debug|Any CPU
		{1C75C98C-65C4-43C1-8026-D9DED4816DC1}.Debug|x86.ActiveCfg = Debug|Any CPU
		{1C75C98C-65C4-43C1-8026-D9DED4816DC1}.Debug|x86.Build.0 = Debug|Any CPU
		{1C75C98C-65C4-43C1-8026-D9DED4816DC1}.Release|Any CPU.ActiveCfg = Release|Any CPU
		{1C75C98C-65C4-43C1-8026-D9DED4816DC1}.Release|Any CPU.Build.0 = Release|Any CPU
		{1C75C98C-65C4-43C1-8026-D9DED4816DC1}.Release|x64.ActiveCfg = Release|Any CPU
		{1C75C98C-65C4-43C1-8026-D9DED4816DC1}.Release|x64.Build.0 = Release|Any CPU
		{1C75C98C-65C4-43C1-8026-D9DED4816DC1}.Release|x86.ActiveCfg = Release|Any CPU
		{1C75C98C-65C4-43C1-8026-D9DED4816DC1}.Release|x86.Build.0 = Release|Any CPU
	EndGlobalSection
	GlobalSection(SolutionProperties) = preSolution
		HideSolutionNode = FALSE
	EndGlobalSection
	GlobalSection(ExtensibilityGlobals) = postSolution
		SolutionGuid = {A429BCAB-2B6A-4270-AC54-1BB1A277745B}
	EndGlobalSection
EndGlobal
